
Microsoft Visual Studio Solution File, Format Version 12.00
# Visual Studio Version 17
VisualStudioVersion = 17.8.34316.72
MinimumVisualStudioVersion = 10.0.40219.1
Project("{FAE04EC0-301F-11D3-BF4B-00C04F79EFBC}") = "Todo", "Todo\Todo.csproj", "{674A6DC8-6997-4DF9-91AD-EB601BE31E6C}"
EndProject
Global
	GlobalSection(SolutionConfigurationPlatforms) = preSolution
		Debug|Any CPU = Debug|Any CPU
		Release|Any CPU = Release|Any CPU
	EndGlobalSection
	GlobalSection(ProjectConfigurationPlatforms) = postSolution
		{674A6DC8-6997-4DF9-91AD-EB601BE31E6C}.Debug|Any CPU.ActiveCfg = Debug|Any CPU
		{674A6DC8-6997-4DF9-91AD-EB601BE31E6C}.Debug|Any CPU.Build.0 = Debug|Any CPU
		{674A6DC8-6997-4DF9-91AD-EB601BE31E6C}.Release|Any CPU.ActiveCfg = Release|Any CPU
		{674A6DC8-6997-4DF9-91AD-EB601BE31E6C}.Release|Any CPU.Build.0 = Release|Any CPU
	EndGlobalSection
	GlobalSection(SolutionProperties) = preSolution
		HideSolutionNode = FALSE
	EndGlobalSection
	GlobalSection(ExtensibilityGlobals) = postSolution
		SolutionGuid = {937FC88D-255E-4B37-9CD2-B6F96ED02AF4}
	EndGlobalSection
EndGlobal
